
Microsoft Visual Studio Solution File, Format Version 12.00
# Visual Studio Version 16
VisualStudioVersion = 16.0.30804.86
MinimumVisualStudioVersion = 10.0.40219.1
Project("{FAE04EC0-301F-11D3-BF4B-00C04F79EFBC}") = "GerenciadorEvento", "GerenciadorEvento\GerenciadorEvento.csproj", "{0150B8C7-6E25-4FC1-8CDA-E9E10734CC60}"
EndProject
Project("{2150E333-8FDC-42A3-9474-1A3956D46DE8}") = "Solution Items", "Solution Items", "{95B81C76-C04B-4701-8A7D-26F5939F7F0B}"
	ProjectSection(SolutionItems) = preProject
		.editorconfig = .editorconfig
	EndProjectSection
EndProject
Global
	GlobalSection(SolutionConfigurationPlatforms) = preSolution
		Debug|Any CPU = Debug|Any CPU
		Release|Any CPU = Release|Any CPU
	EndGlobalSection
	GlobalSection(ProjectConfigurationPlatforms) = postSolution
		{0150B8C7-6E25-4FC1-8CDA-E9E10734CC60}.Debug|Any CPU.ActiveCfg = Debug|Any CPU
		{0150B8C7-6E25-4FC1-8CDA-E9E10734CC60}.Debug|Any CPU.Build.0 = Debug|Any CPU
		{0150B8C7-6E25-4FC1-8CDA-E9E10734CC60}.Release|Any CPU.ActiveCfg = Release|Any CPU
		{0150B8C7-6E25-4FC1-8CDA-E9E10734CC60}.Release|Any CPU.Build.0 = Release|Any CPU
	EndGlobalSection
	GlobalSection(SolutionProperties) = preSolution
		HideSolutionNode = FALSE
	EndGlobalSection
	GlobalSection(ExtensibilityGlobals) = postSolution
		SolutionGuid = {5FE3FC21-AD15-4782-A5F6-A882F37BE6EB}
	EndGlobalSection
EndGlobal
